
Microsoft Visual Studio Solution File, Format Version 12.00
# Visual Studio 14
VisualStudioVersion = 14.0.25420.1
MinimumVisualStudioVersion = 10.0.40219.1
Project("{FAE04EC0-301F-11D3-BF4B-00C04F79EFBC}") = "TestGenerator", "TestGenerator\TestGenerator.csproj", "{9EE81E27-887E-4872-B4AC-E1D32EAAEEF1}"
EndProject
Global
	GlobalSection(SolutionConfigurationPlatforms) = preSolution
		Debug|Any CPU = Debug|Any CPU
		Release|Any CPU = Release|Any CPU
	EndGlobalSection
	GlobalSection(ProjectConfigurationPlatforms) = postSolution
		{9EE81E27-887E-4872-B4AC-E1D32EAAEEF1}.Debug|Any CPU.ActiveCfg = Debug|Any CPU
		{9EE81E27-887E-4872-B4AC-E1D32EAAEEF1}.Debug|Any CPU.Build.0 = Debug|Any CPU
		{9EE81E27-887E-4872-B4AC-E1D32EAAEEF1}.Release|Any CPU.ActiveCfg = Release|Any CPU
		{9EE81E27-887E-4872-B4AC-E1D32EAAEEF1}.Release|Any CPU.Build.0 = Release|Any CPU
	EndGlobalSection
	GlobalSection(SolutionProperties) = preSolution
		HideSolutionNode = FALSE
	EndGlobalSection
EndGlobal
